
Microsoft Visual Studio Solution File, Format Version 12.00
# Visual Studio 15
VisualStudioVersion = 15.0.27130.2036
MinimumVisualStudioVersion = 10.0.40219.1
Project("{FAE04EC0-301F-11D3-BF4B-00C04F79EFBC}") = "CoCo.Core.Bootstrapping", "CoCo.Core.Bootstrapping\CoCo.Core.Bootstrapping.csproj", "{24E2B8AD-E27F-4956-A0CE-BEB64491F6A4}"
EndProject
Project("{FAE04EC0-301F-11D3-BF4B-00C04F79EFBC}") = "CoCo.Core.Configuration", "CoCo.Core.Configuration\CoCo.Core.Configuration.csproj", "{90A4A0D9-22FD-48F8-B633-FBF093D2AC76}"
EndProject
Project("{FAE04EC0-301F-11D3-BF4B-00C04F79EFBC}") = "CoCo.Core.Configuration.DatabaseSource", "CoCo.Core.Configuration.DatabaseSource\CoCo.Core.Configuration.DatabaseSource.csproj", "{8822ECB9-4C6C-4A6B-BCF8-C26D255262DD}"
EndProject
Project("{FAE04EC0-301F-11D3-BF4B-00C04F79EFBC}") = "CoCo.Core.Configuration.Tests", "CoCo.Core.Configuration.Tests\CoCo.Core.Configuration.Tests.csproj", "{E8A5D00A-330F-44E9-90A1-8C6C1B1DCDEF}"
EndProject
Project("{FAE04EC0-301F-11D3-BF4B-00C04F79EFBC}") = "CoCo.Core.Contract", "CoCo.Core.Contract\CoCo.Core.Contract.csproj", "{1CCACA70-E8CD-434F-B84F-83348ECB30A7}"
EndProject
Project("{FAE04EC0-301F-11D3-BF4B-00C04F79EFBC}") = "CoCo.Core.EventBrokerage", "CoCo.Core.EventBrokerage\CoCo.Core.EventBrokerage.csproj", "{98F1CBEE-6118-44E3-BE73-A150DC505C64}"
EndProject
Project("{FAE04EC0-301F-11D3-BF4B-00C04F79EFBC}") = "CoCo.Core.EventBrokerage.Tests", "CoCo.Core.EventBrokerage.Tests\CoCo.Core.EventBrokerage.Tests.csproj", "{CD35E234-5E90-46A7-B28D-27962506F411}"
EndProject
Project("{FAE04EC0-301F-11D3-BF4B-00C04F79EFBC}") = "CoCo.Core.NinjectAdapter", "CoCo.Core.NinjectAdapter\CoCo.Core.NinjectAdapter.csproj", "{15C3C4EF-4C31-4547-95E4-9CB37714EE87}"
EndProject
Project("{2150E333-8FDC-42A3-9474-1A3956D46DE8}") = "CrossCutting", "CrossCutting", "{4A1C1BD1-7AD6-4CC3-A0D4-51F1A79C7772}"
EndProject
Project("{2150E333-8FDC-42A3-9474-1A3956D46DE8}") = "Logic", "Logic", "{15501EF2-1513-4568-800C-7209D4542433}"
EndProject
Project("{2150E333-8FDC-42A3-9474-1A3956D46DE8}") = "Foundation", "Foundation", "{492A1E90-29B2-43D9-91F7-A82FF4F912C6}"
EndProject
Project("{2150E333-8FDC-42A3-9474-1A3956D46DE8}") = "Business", "Business", "{AEB4AAF5-743E-4F5A-969C-C9E8BA09560C}"
EndProject
Project("{2150E333-8FDC-42A3-9474-1A3956D46DE8}") = "Integration", "Integration", "{87DE2226-CD9F-49EF-B210-D81415E7B404}"
EndProject
Project("{2150E333-8FDC-42A3-9474-1A3956D46DE8}") = "Domain", "Domain", "{8A33DFAF-EB3F-4356-99FF-CF1A2C7CFEC0}"
EndProject
Project("{2150E333-8FDC-42A3-9474-1A3956D46DE8}") = "UI", "UI", "{A5A59603-1CF5-4107-B3FF-22C4EEBEF22B}"
EndProject
Project("{2150E333-8FDC-42A3-9474-1A3956D46DE8}") = "Data", "Data", "{4CE0B5DB-C94E-49FF-ACE4-7233AEF03548}"
EndProject
Project("{2150E333-8FDC-42A3-9474-1A3956D46DE8}") = "Registrations", "Registrations", "{4079B6A5-EF3F-470E-8D17-B80F7D013C10}"
EndProject
Project("{FAE04EC0-301F-11D3-BF4B-00C04F79EFBC}") = "Mappings", "Mappings\Mappings.csproj", "{23E74E1A-37C2-4B36-871E-F1FDEC3AF9C0}"
EndProject
Project("{FAE04EC0-301F-11D3-BF4B-00C04F79EFBC}") = "PersonManagement.Contract", "PersonManagement.Contract\PersonManagement.Contract.csproj", "{3D38CCA3-8D83-4F4C-9F20-C865B4C6468C}"
EndProject
Project("{FAE04EC0-301F-11D3-BF4B-00C04F79EFBC}") = "PersonManagement", "PersonManagement\PersonManagement.csproj", "{2C06A8D4-D9F0-4D97-9B5F-E545D070C27C}"
EndProject
Project("{FAE04EC0-301F-11D3-BF4B-00C04F79EFBC}") = "DataStoring", "DataStoring\DataStoring.csproj", "{A14F6AF9-84A4-49DB-A228-AE3EAA75EF78}"
EndProject
Project("{FAE04EC0-301F-11D3-BF4B-00C04F79EFBC}") = "DataStoring.Contract", "DataStoring.Contract\DataStoring.Contract.csproj", "{F98FFD31-1236-44C0-944D-F9DB135CE6B9}"
EndProject
Project("{2150E333-8FDC-42A3-9474-1A3956D46DE8}") = "Core", "Core", "{12458A26-7CD9-463F-AE25-97A1A99F7E06}"
EndProject
Project("{FAE04EC0-301F-11D3-BF4B-00C04F79EFBC}") = "DataClasses", "DataClasses\DataClasses.csproj", "{7AA16FEE-4322-4B58-A1E4-BF653168B647}"
EndProject
Project("{FAE04EC0-301F-11D3-BF4B-00C04F79EFBC}") = "ConsoleClient", "ConsoleClient\ConsoleClient.csproj", "{E25E62E6-EA51-4A22-AC3A-D5E2BBC18038}"
EndProject
Project("{FAE04EC0-301F-11D3-BF4B-00C04F79EFBC}") = "Auditation", "Auditation\Auditation.csproj", "{007E5068-978A-48FF-90E2-CFAAF984C12A}"
EndProject
Project("{FAE04EC0-301F-11D3-BF4B-00C04F79EFBC}") = "Auditation.Contract", "Auditation.Contract\Auditation.Contract.csproj", "{6273983E-F879-4503-859F-FE68362A44F3}"
EndProject
Project("{FAE04EC0-301F-11D3-BF4B-00C04F79EFBC}") = "AuditationWorkflows", "AuditationWorkflows\AuditationWorkflows.csproj", "{81952039-2468-41AE-97B8-72DA5EF283B5}"
EndProject
Project("{FAE04EC0-301F-11D3-BF4B-00C04F79EFBC}") = "AspWebClient", "AspWebClient\AspWebClient.csproj", "{39760AE7-94DB-4AEE-9D57-995B2C9AA2F3}"
EndProject
Project("{FAE04EC0-301F-11D3-BF4B-00C04F79EFBC}") = "CoCo.Core.Owin", "CoCo.Core.Owin\CoCo.Core.Owin.csproj", "{CB61A8EF-C6D8-4494-959D-4D1EC8ED3E49}"
EndProject
Project("{FAE04EC0-301F-11D3-BF4B-00C04F79EFBC}") = "CoCo.Core.Owin.Mvc", "CoCo.Core.Owin.Mvc\CoCo.Core.Owin.Mvc.csproj", "{88B873BA-800C-4ED9-A618-D54CA8FCB6E8}"
EndProject
Global
	GlobalSection(SolutionConfigurationPlatforms) = preSolution
		Debug|Any CPU = Debug|Any CPU
		Release|Any CPU = Release|Any CPU
	EndGlobalSection
	GlobalSection(ProjectConfigurationPlatforms) = postSolution
		{24E2B8AD-E27F-4956-A0CE-BEB64491F6A4}.Debug|Any CPU.ActiveCfg = Debug|Any CPU
		{24E2B8AD-E27F-4956-A0CE-BEB64491F6A4}.Debug|Any CPU.Build.0 = Debug|Any CPU
		{24E2B8AD-E27F-4956-A0CE-BEB64491F6A4}.Release|Any CPU.ActiveCfg = Release|Any CPU
		{24E2B8AD-E27F-4956-A0CE-BEB64491F6A4}.Release|Any CPU.Build.0 = Release|Any CPU
		{90A4A0D9-22FD-48F8-B633-FBF093D2AC76}.Debug|Any CPU.ActiveCfg = Debug|Any CPU
		{90A4A0D9-22FD-48F8-B633-FBF093D2AC76}.Debug|Any CPU.Build.0 = Debug|Any CPU
		{90A4A0D9-22FD-48F8-B633-FBF093D2AC76}.Release|Any CPU.ActiveCfg = Release|Any CPU
		{90A4A0D9-22FD-48F8-B633-FBF093D2AC76}.Release|Any CPU.Build.0 = Release|Any CPU
		{8822ECB9-4C6C-4A6B-BCF8-C26D255262DD}.Debug|Any CPU.ActiveCfg = Debug|Any CPU
		{8822ECB9-4C6C-4A6B-BCF8-C26D255262DD}.Debug|Any CPU.Build.0 = Debug|Any CPU
		{8822ECB9-4C6C-4A6B-BCF8-C26D255262DD}.Release|Any CPU.ActiveCfg = Release|Any CPU
		{8822ECB9-4C6C-4A6B-BCF8-C26D255262DD}.Release|Any CPU.Build.0 = Release|Any CPU
		{E8A5D00A-330F-44E9-90A1-8C6C1B1DCDEF}.Debug|Any CPU.ActiveCfg = Debug|Any CPU
		{E8A5D00A-330F-44E9-90A1-8C6C1B1DCDEF}.Debug|Any CPU.Build.0 = Debug|Any CPU
		{E8A5D00A-330F-44E9-90A1-8C6C1B1DCDEF}.Release|Any CPU.ActiveCfg = Release|Any CPU
		{E8A5D00A-330F-44E9-90A1-8C6C1B1DCDEF}.Release|Any CPU.Build.0 = Release|Any CPU
		{1CCACA70-E8CD-434F-B84F-83348ECB30A7}.Debug|Any CPU.ActiveCfg = Debug|Any CPU
		{1CCACA70-E8CD-434F-B84F-83348ECB30A7}.Debug|Any CPU.Build.0 = Debug|Any CPU
		{1CCACA70-E8CD-434F-B84F-83348ECB30A7}.Release|Any CPU.ActiveCfg = Release|Any CPU
		{1CCACA70-E8CD-434F-B84F-83348ECB30A7}.Release|Any CPU.Build.0 = Release|Any CPU
		{98F1CBEE-6118-44E3-BE73-A150DC505C64}.Debug|Any CPU.ActiveCfg = Debug|Any CPU
		{98F1CBEE-6118-44E3-BE73-A150DC505C64}.Debug|Any CPU.Build.0 = Debug|Any CPU
		{98F1CBEE-6118-44E3-BE73-A150DC505C64}.Release|Any CPU.ActiveCfg = Release|Any CPU
		{98F1CBEE-6118-44E3-BE73-A150DC505C64}.Release|Any CPU.Build.0 = Release|Any CPU
		{CD35E234-5E90-46A7-B28D-27962506F411}.Debug|Any CPU.ActiveCfg = Debug|Any CPU
		{CD35E234-5E90-46A7-B28D-27962506F411}.Debug|Any CPU.Build.0 = Debug|Any CPU
		{CD35E234-5E90-46A7-B28D-27962506F411}.Release|Any CPU.ActiveCfg = Release|Any CPU
		{CD35E234-5E90-46A7-B28D-27962506F411}.Release|Any CPU.Build.0 = Release|Any CPU
		{15C3C4EF-4C31-4547-95E4-9CB37714EE87}.Debug|Any CPU.ActiveCfg = Debug|Any CPU
		{15C3C4EF-4C31-4547-95E4-9CB37714EE87}.Debug|Any CPU.Build.0 = Debug|Any CPU
		{15C3C4EF-4C31-4547-95E4-9CB37714EE87}.Release|Any CPU.ActiveCfg = Release|Any CPU
		{15C3C4EF-4C31-4547-95E4-9CB37714EE87}.Release|Any CPU.Build.0 = Release|Any CPU
		{23E74E1A-37C2-4B36-871E-F1FDEC3AF9C0}.Debug|Any CPU.ActiveCfg = Debug|Any CPU
		{23E74E1A-37C2-4B36-871E-F1FDEC3AF9C0}.Debug|Any CPU.Build.0 = Debug|Any CPU
		{23E74E1A-37C2-4B36-871E-F1FDEC3AF9C0}.Release|Any CPU.ActiveCfg = Release|Any CPU
		{23E74E1A-37C2-4B36-871E-F1FDEC3AF9C0}.Release|Any CPU.Build.0 = Release|Any CPU
		{3D38CCA3-8D83-4F4C-9F20-C865B4C6468C}.Debug|Any CPU.ActiveCfg = Debug|Any CPU
		{3D38CCA3-8D83-4F4C-9F20-C865B4C6468C}.Debug|Any CPU.Build.0 = Debug|Any CPU
		{3D38CCA3-8D83-4F4C-9F20-C865B4C6468C}.Release|Any CPU.ActiveCfg = Release|Any CPU
		{3D38CCA3-8D83-4F4C-9F20-C865B4C6468C}.Release|Any CPU.Build.0 = Release|Any CPU
		{2C06A8D4-D9F0-4D97-9B5F-E545D070C27C}.Debug|Any CPU.ActiveCfg = Debug|Any CPU
		{2C06A8D4-D9F0-4D97-9B5F-E545D070C27C}.Debug|Any CPU.Build.0 = Debug|Any CPU
		{2C06A8D4-D9F0-4D97-9B5F-E545D070C27C}.Release|Any CPU.ActiveCfg = Release|Any CPU
		{2C06A8D4-D9F0-4D97-9B5F-E545D070C27C}.Release|Any CPU.Build.0 = Release|Any CPU
		{A14F6AF9-84A4-49DB-A228-AE3EAA75EF78}.Debug|Any CPU.ActiveCfg = Debug|Any CPU
		{A14F6AF9-84A4-49DB-A228-AE3EAA75EF78}.Debug|Any CPU.Build.0 = Debug|Any CPU
		{A14F6AF9-84A4-49DB-A228-AE3EAA75EF78}.Release|Any CPU.ActiveCfg = Release|Any CPU
		{A14F6AF9-84A4-49DB-A228-AE3EAA75EF78}.Release|Any CPU.Build.0 = Release|Any CPU
		{F98FFD31-1236-44C0-944D-F9DB135CE6B9}.Debug|Any CPU.ActiveCfg = Debug|Any CPU
		{F98FFD31-1236-44C0-944D-F9DB135CE6B9}.Debug|Any CPU.Build.0 = Debug|Any CPU
		{F98FFD31-1236-44C0-944D-F9DB135CE6B9}.Release|Any CPU.ActiveCfg = Release|Any CPU
		{F98FFD31-1236-44C0-944D-F9DB135CE6B9}.Release|Any CPU.Build.0 = Release|Any CPU
		{7AA16FEE-4322-4B58-A1E4-BF653168B647}.Debug|Any CPU.ActiveCfg = Debug|Any CPU
		{7AA16FEE-4322-4B58-A1E4-BF653168B647}.Debug|Any CPU.Build.0 = Debug|Any CPU
		{7AA16FEE-4322-4B58-A1E4-BF653168B647}.Release|Any CPU.ActiveCfg = Release|Any CPU
		{7AA16FEE-4322-4B58-A1E4-BF653168B647}.Release|Any CPU.Build.0 = Release|Any CPU
		{E25E62E6-EA51-4A22-AC3A-D5E2BBC18038}.Debug|Any CPU.ActiveCfg = Debug|Any CPU
		{E25E62E6-EA51-4A22-AC3A-D5E2BBC18038}.Debug|Any CPU.Build.0 = Debug|Any CPU
		{E25E62E6-EA51-4A22-AC3A-D5E2BBC18038}.Release|Any CPU.ActiveCfg = Release|Any CPU
		{E25E62E6-EA51-4A22-AC3A-D5E2BBC18038}.Release|Any CPU.Build.0 = Release|Any CPU
		{007E5068-978A-48FF-90E2-CFAAF984C12A}.Debug|Any CPU.ActiveCfg = Debug|Any CPU
		{007E5068-978A-48FF-90E2-CFAAF984C12A}.Debug|Any CPU.Build.0 = Debug|Any CPU
		{007E5068-978A-48FF-90E2-CFAAF984C12A}.Release|Any CPU.ActiveCfg = Release|Any CPU
		{007E5068-978A-48FF-90E2-CFAAF984C12A}.Release|Any CPU.Build.0 = Release|Any CPU
		{6273983E-F879-4503-859F-FE68362A44F3}.Debug|Any CPU.ActiveCfg = Debug|Any CPU
		{6273983E-F879-4503-859F-FE68362A44F3}.Debug|Any CPU.Build.0 = Debug|Any CPU
		{6273983E-F879-4503-859F-FE68362A44F3}.Release|Any CPU.ActiveCfg = Release|Any CPU
		{6273983E-F879-4503-859F-FE68362A44F3}.Release|Any CPU.Build.0 = Release|Any CPU
		{81952039-2468-41AE-97B8-72DA5EF283B5}.Debug|Any CPU.ActiveCfg = Debug|Any CPU
		{81952039-2468-41AE-97B8-72DA5EF283B5}.Debug|Any CPU.Build.0 = Debug|Any CPU
		{81952039-2468-41AE-97B8-72DA5EF283B5}.Release|Any CPU.ActiveCfg = Release|Any CPU
		{81952039-2468-41AE-97B8-72DA5EF283B5}.Release|Any CPU.Build.0 = Release|Any CPU
		{39760AE7-94DB-4AEE-9D57-995B2C9AA2F3}.Debug|Any CPU.ActiveCfg = Debug|Any CPU
		{39760AE7-94DB-4AEE-9D57-995B2C9AA2F3}.Debug|Any CPU.Build.0 = Debug|Any CPU
		{39760AE7-94DB-4AEE-9D57-995B2C9AA2F3}.Release|Any CPU.ActiveCfg = Release|Any CPU
		{39760AE7-94DB-4AEE-9D57-995B2C9AA2F3}.Release|Any CPU.Build.0 = Release|Any CPU
		{CB61A8EF-C6D8-4494-959D-4D1EC8ED3E49}.Debug|Any CPU.ActiveCfg = Debug|Any CPU
		{CB61A8EF-C6D8-4494-959D-4D1EC8ED3E49}.Debug|Any CPU.Build.0 = Debug|Any CPU
		{CB61A8EF-C6D8-4494-959D-4D1EC8ED3E49}.Release|Any CPU.ActiveCfg = Release|Any CPU
		{CB61A8EF-C6D8-4494-959D-4D1EC8ED3E49}.Release|Any CPU.Build.0 = Release|Any CPU
		{88B873BA-800C-4ED9-A618-D54CA8FCB6E8}.Debug|Any CPU.ActiveCfg = Debug|Any CPU
		{88B873BA-800C-4ED9-A618-D54CA8FCB6E8}.Debug|Any CPU.Build.0 = Debug|Any CPU
		{88B873BA-800C-4ED9-A618-D54CA8FCB6E8}.Release|Any CPU.ActiveCfg = Release|Any CPU
		{88B873BA-800C-4ED9-A618-D54CA8FCB6E8}.Release|Any CPU.Build.0 = Release|Any CPU
	EndGlobalSection
	GlobalSection(SolutionProperties) = preSolution
		HideSolutionNode = FALSE
	EndGlobalSection
	GlobalSection(NestedProjects) = preSolution
		{24E2B8AD-E27F-4956-A0CE-BEB64491F6A4} = {12458A26-7CD9-463F-AE25-97A1A99F7E06}
		{90A4A0D9-22FD-48F8-B633-FBF093D2AC76} = {12458A26-7CD9-463F-AE25-97A1A99F7E06}
		{8822ECB9-4C6C-4A6B-BCF8-C26D255262DD} = {12458A26-7CD9-463F-AE25-97A1A99F7E06}
		{E8A5D00A-330F-44E9-90A1-8C6C1B1DCDEF} = {12458A26-7CD9-463F-AE25-97A1A99F7E06}
		{1CCACA70-E8CD-434F-B84F-83348ECB30A7} = {12458A26-7CD9-463F-AE25-97A1A99F7E06}
		{98F1CBEE-6118-44E3-BE73-A150DC505C64} = {12458A26-7CD9-463F-AE25-97A1A99F7E06}
		{CD35E234-5E90-46A7-B28D-27962506F411} = {12458A26-7CD9-463F-AE25-97A1A99F7E06}
		{15C3C4EF-4C31-4547-95E4-9CB37714EE87} = {12458A26-7CD9-463F-AE25-97A1A99F7E06}
		{492A1E90-29B2-43D9-91F7-A82FF4F912C6} = {15501EF2-1513-4568-800C-7209D4542433}
		{AEB4AAF5-743E-4F5A-969C-C9E8BA09560C} = {15501EF2-1513-4568-800C-7209D4542433}
		{87DE2226-CD9F-49EF-B210-D81415E7B404} = {15501EF2-1513-4568-800C-7209D4542433}
		{8A33DFAF-EB3F-4356-99FF-CF1A2C7CFEC0} = {15501EF2-1513-4568-800C-7209D4542433}
		{23E74E1A-37C2-4B36-871E-F1FDEC3AF9C0} = {4079B6A5-EF3F-470E-8D17-B80F7D013C10}
		{3D38CCA3-8D83-4F4C-9F20-C865B4C6468C} = {8A33DFAF-EB3F-4356-99FF-CF1A2C7CFEC0}
		{2C06A8D4-D9F0-4D97-9B5F-E545D070C27C} = {8A33DFAF-EB3F-4356-99FF-CF1A2C7CFEC0}
		{A14F6AF9-84A4-49DB-A228-AE3EAA75EF78} = {4CE0B5DB-C94E-49FF-ACE4-7233AEF03548}
		{F98FFD31-1236-44C0-944D-F9DB135CE6B9} = {4CE0B5DB-C94E-49FF-ACE4-7233AEF03548}
		{12458A26-7CD9-463F-AE25-97A1A99F7E06} = {4A1C1BD1-7AD6-4CC3-A0D4-51F1A79C7772}
		{7AA16FEE-4322-4B58-A1E4-BF653168B647} = {4A1C1BD1-7AD6-4CC3-A0D4-51F1A79C7772}
		{E25E62E6-EA51-4A22-AC3A-D5E2BBC18038} = {A5A59603-1CF5-4107-B3FF-22C4EEBEF22B}
		{007E5068-978A-48FF-90E2-CFAAF984C12A} = {8A33DFAF-EB3F-4356-99FF-CF1A2C7CFEC0}
		{6273983E-F879-4503-859F-FE68362A44F3} = {8A33DFAF-EB3F-4356-99FF-CF1A2C7CFEC0}
		{81952039-2468-41AE-97B8-72DA5EF283B5} = {AEB4AAF5-743E-4F5A-969C-C9E8BA09560C}
		{39760AE7-94DB-4AEE-9D57-995B2C9AA2F3} = {A5A59603-1CF5-4107-B3FF-22C4EEBEF22B}
		{CB61A8EF-C6D8-4494-959D-4D1EC8ED3E49} = {12458A26-7CD9-463F-AE25-97A1A99F7E06}
		{88B873BA-800C-4ED9-A618-D54CA8FCB6E8} = {12458A26-7CD9-463F-AE25-97A1A99F7E06}
	EndGlobalSection
	GlobalSection(ExtensibilityGlobals) = postSolution
		SolutionGuid = {447DFC90-A398-47DE-BF6D-380F5CA8C199}
	EndGlobalSection
EndGlobal
